// !$*UTF8*$!
{
	archiveVersion = 1;
	classes = {
	};
	objectVersion = 50;
	objects = {

/* Begin PBXBuildFile section */
		8C5548AF25D445F600B8468E /* AppDelegate.swift in Sources */ = {isa = PBXBuildFile; fileRef = 8C5548AE25D445F600B8468E /* AppDelegate.swift */; };
		8C5548B125D445F600B8468E /* SceneDelegate.swift in Sources */ = {isa = PBXBuildFile; fileRef = 8C5548B025D445F600B8468E /* SceneDelegate.swift */; };
		8C5548B325D445F600B8468E /* ViewController.swift in Sources */ = {isa = PBXBuildFile; fileRef = 8C5548B225D445F600B8468E /* ViewController.swift */; };
		8C5548B625D445F600B8468E /* Main.storyboard in Resources */ = {isa = PBXBuildFile; fileRef = 8C5548B425D445F600B8468E /* Main.storyboard */; };
		8C5548B825D445F800B8468E /* Assets.xcassets in Resources */ = {isa = PBXBuildFile; fileRef = 8C5548B725D445F800B8468E /* Assets.xcassets */; };
		8C5548BB25D445F800B8468E /* LaunchScreen.storyboard in Resources */ = {isa = PBXBuildFile; fileRef = 8C5548B925D445F800B8468E /* LaunchScreen.storyboard */; };
		8C5548C525D446D500B8468E /* CombineVC.swift in Sources */ = {isa = PBXBuildFile; fileRef = 8C5548C425D446D500B8468E /* CombineVC.swift */; };
		8C5548CA25D4475B00B8468E /* UIView.swift in Sources */ = {isa = PBXBuildFile; fileRef = 8C5548C925D4475B00B8468E /* UIView.swift */; };
		8C5548CE25D4477E00B8468E /* UILabel.swift in Sources */ = {isa = PBXBuildFile; fileRef = 8C5548CD25D4477E00B8468E /* UILabel.swift */; };
		8C5548D225D4496000B8468E /* CombineCardView.swift in Sources */ = {isa = PBXBuildFile; fileRef = 8C5548D125D4496000B8468E /* CombineCardView.swift */; };
		8C5548D725D4529900B8468E /* Usuario.swift in Sources */ = {isa = PBXBuildFile; fileRef = 8C5548D625D4529900B8468E /* Usuario.swift */; };
		8C5548DC25D4536400B8468E /* UsuarioService.swift in Sources */ = {isa = PBXBuildFile; fileRef = 8C5548DB25D4536400B8468E /* UsuarioService.swift */; };
/* End PBXBuildFile section */

/* Begin PBXFileReference section */
		8C5548AB25D445F600B8468E /* TInderApp.app */ = {isa = PBXFileReference; explicitFileType = wrapper.application; includeInIndex = 0; path = TInderApp.app; sourceTree = BUILT_PRODUCTS_DIR; };
		8C5548AE25D445F600B8468E /* AppDelegate.swift */ = {isa = PBXFileReference; lastKnownFileType = sourcecode.swift; path = AppDelegate.swift; sourceTree = "<group>"; };
		8C5548B025D445F600B8468E /* SceneDelegate.swift */ = {isa = PBXFileReference; lastKnownFileType = sourcecode.swift; path = SceneDelegate.swift; sourceTree = "<group>"; };
		8C5548B225D445F600B8468E /* ViewController.swift */ = {isa = PBXFileReference; lastKnownFileType = sourcecode.swift; path = ViewController.swift; sourceTree = "<group>"; };
		8C5548B525D445F600B8468E /* Base */ = {isa = PBXFileReference; lastKnownFileType = file.storyboard; name = Base; path = Base.lproj/Main.storyboard; sourceTree = "<group>"; };
		8C5548B725D445F800B8468E /* Assets.xcassets */ = {isa = PBXFileReference; lastKnownFileType = folder.assetcatalog; path = Assets.xcassets; sourceTree = "<group>"; };
		8C5548BA25D445F800B8468E /* Base */ = {isa = PBXFileReference; lastKnownFileType = file.storyboard; name = Base; path = Base.lproj/LaunchScreen.storyboard; sourceTree = "<group>"; };
		8C5548BC25D445F800B8468E /* Info.plist */ = {isa = PBXFileReference; lastKnownFileType = text.plist.xml; path = Info.plist; sourceTree = "<group>"; };
		8C5548C425D446D500B8468E /* CombineVC.swift */ = {isa = PBXFileReference; lastKnownFileType = sourcecode.swift; path = CombineVC.swift; sourceTree = "<group>"; };
		8C5548C925D4475B00B8468E /* UIView.swift */ = {isa = PBXFileReference; lastKnownFileType = sourcecode.swift; path = UIView.swift; sourceTree = "<group>"; };
		8C5548CD25D4477E00B8468E /* UILabel.swift */ = {isa = PBXFileReference; lastKnownFileType = sourcecode.swift; path = UILabel.swift; sourceTree = "<group>"; };
		8C5548D125D4496000B8468E /* CombineCardView.swift */ = {isa = PBXFileReference; lastKnownFileType = sourcecode.swift; path = CombineCardView.swift; sourceTree = "<group>"; };
		8C5548D625D4529900B8468E /* Usuario.swift */ = {isa = PBXFileReference; lastKnownFileType = sourcecode.swift; path = Usuario.swift; sourceTree = "<group>"; };
		8C5548DB25D4536400B8468E /* UsuarioService.swift */ = {isa = PBXFileReference; lastKnownFileType = sourcecode.swift; path = UsuarioService.swift; sourceTree = "<group>"; };
/* End PBXFileReference section */

/* Begin PBXFrameworksBuildPhase section */
		8C5548A825D445F600B8468E /* Frameworks */ = {
			isa = PBXFrameworksBuildPhase;
			buildActionMask = 2147483647;
			files = (
			);
			runOnlyForDeploymentPostprocessing = 0;
		};
/* End PBXFrameworksBuildPhase section */

/* Begin PBXGroup section */
		8C5548A225D445F600B8468E = {
			isa = PBXGroup;
			children = (
				8C5548AD25D445F600B8468E /* TInderApp */,
				8C5548AC25D445F600B8468E /* Products */,
			);
			sourceTree = "<group>";
		};
		8C5548AC25D445F600B8468E /* Products */ = {
			isa = PBXGroup;
			children = (
				8C5548AB25D445F600B8468E /* TInderApp.app */,
			);
			name = Products;
			sourceTree = "<group>";
		};
		8C5548AD25D445F600B8468E /* TInderApp */ = {
			isa = PBXGroup;
			children = (
				8C5548DA25D4535800B8468E /* Service */,
				8C5548D525D4528B00B8468E /* Model */,
				8C5548D025D4495000B8468E /* View */,
				8C5548C825D4473B00B8468E /* Lib */,
				8C5548C325D446C300B8468E /* Controller */,
				8C5548AE25D445F600B8468E /* AppDelegate.swift */,
				8C5548B025D445F600B8468E /* SceneDelegate.swift */,
				8C5548B225D445F600B8468E /* ViewController.swift */,
				8C5548B425D445F600B8468E /* Main.storyboard */,
				8C5548B725D445F800B8468E /* Assets.xcassets */,
				8C5548B925D445F800B8468E /* LaunchScreen.storyboard */,
				8C5548BC25D445F800B8468E /* Info.plist */,
			);
			path = TInderApp;
			sourceTree = "<group>";
		};
		8C5548C325D446C300B8468E /* Controller */ = {
			isa = PBXGroup;
			children = (
				8C5548C425D446D500B8468E /* CombineVC.swift */,
			);
			path = Controller;
			sourceTree = "<group>";
		};
		8C5548C825D4473B00B8468E /* Lib */ = {
			isa = PBXGroup;
			children = (
				8C5548C925D4475B00B8468E /* UIView.swift */,
				8C5548CD25D4477E00B8468E /* UILabel.swift */,
			);
			path = Lib;
			sourceTree = "<group>";
		};
		8C5548D025D4495000B8468E /* View */ = {
			isa = PBXGroup;
			children = (
				8C5548D125D4496000B8468E /* CombineCardView.swift */,
			);
			path = View;
			sourceTree = "<group>";
		};
		8C5548D525D4528B00B8468E /* Model */ = {
			isa = PBXGroup;
			children = (
				8C5548D625D4529900B8468E /* Usuario.swift */,
			);
			path = Model;
			sourceTree = "<group>";
		};
		8C5548DA25D4535800B8468E /* Service */ = {
			isa = PBXGroup;
			children = (
				8C5548DB25D4536400B8468E /* UsuarioService.swift */,
			);
			path = Service;
			sourceTree = "<group>";
		};
/* End PBXGroup section */

/* Begin PBXNativeTarget section */
		8C5548AA25D445F600B8468E /* TInderApp */ = {
			isa = PBXNativeTarget;
			buildConfigurationList = 8C5548BF25D445F800B8468E /* Build configuration list for PBXNativeTarget "TInderApp" */;
			buildPhases = (
				8C5548A725D445F600B8468E /* Sources */,
				8C5548A825D445F600B8468E /* Frameworks */,
				8C5548A925D445F600B8468E /* Resources */,
			);
			buildRules = (
			);
			dependencies = (
			);
			name = TInderApp;
			productName = TInderApp;
			productReference = 8C5548AB25D445F600B8468E /* TInderApp.app */;
			productType = "com.apple.product-type.application";
		};
/* End PBXNativeTarget section */

/* Begin PBXProject section */
		8C5548A325D445F600B8468E /* Project object */ = {
			isa = PBXProject;
			attributes = {
				LastSwiftUpdateCheck = 1230;
				LastUpgradeCheck = 1230;
				TargetAttributes = {
					8C5548AA25D445F600B8468E = {
						CreatedOnToolsVersion = 12.3;
					};
				};
			};
			buildConfigurationList = 8C5548A625D445F600B8468E /* Build configuration list for PBXProject "TInderApp" */;
			compatibilityVersion = "Xcode 9.3";
			developmentRegion = en;
			hasScannedForEncodings = 0;
			knownRegions = (
				en,
				Base,
			);
			mainGroup = 8C5548A225D445F600B8468E;
			productRefGroup = 8C5548AC25D445F600B8468E /* Products */;
			projectDirPath = "";
			projectRoot = "";
			targets = (
				8C5548AA25D445F600B8468E /* TInderApp */,
			);
		};
/* End PBXProject section */

/* Begin PBXResourcesBuildPhase section */
		8C5548A925D445F600B8468E /* Resources */ = {
			isa = PBXResourcesBuildPhase;
			buildActionMask = 2147483647;
			files = (
				8C5548BB25D445F800B8468E /* LaunchScreen.storyboard in Resources */,
				8C5548B825D445F800B8468E /* Assets.xcassets in Resources */,
				8C5548B625D445F600B8468E /* Main.storyboard in Resources */,
			);
			runOnlyForDeploymentPostprocessing = 0;
		};
/* End PBXResourcesBuildPhase section */

/* Begin PBXSourcesBuildPhase section */
		8C5548A725D445F600B8468E /* Sources */ = {
			isa = PBXSourcesBuildPhase;
			buildActionMask = 2147483647;
			files = (
				8C5548DC25D4536400B8468E /* UsuarioService.swift in Sources */,
				8C5548D725D4529900B8468E /* Usuario.swift in Sources */,
				8C5548CA25D4475B00B8468E /* UIView.swift in Sources */,
				8C5548C525D446D500B8468E /* CombineVC.swift in Sources */,
				8C5548D225D4496000B8468E /* CombineCardView.swift in Sources */,
				8C5548B325D445F600B8468E /* ViewController.swift in Sources */,
				8C5548AF25D445F600B8468E /* AppDelegate.swift in Sources */,
				8C5548CE25D4477E00B8468E /* UILabel.swift in Sources */,
				8C5548B125D445F600B8468E /* SceneDelegate.swift in Sources */,
			);
			runOnlyForDeploymentPostprocessing = 0;
		};
/* End PBXSourcesBuildPhase section */

/* Begin PBXVariantGroup section */
		8C5548B425D445F600B8468E /* Main.storyboard */ = {
			isa = PBXVariantGroup;
			children = (
				8C5548B525D445F600B8468E /* Base */,
			);
			name = Main.storyboard;
			sourceTree = "<group>";
		};
		8C5548B925D445F800B8468E /* LaunchScreen.storyboard */ = {
			isa = PBXVariantGroup;
			children = (
				8C5548BA25D445F800B8468E /* Base */,
			);
			name = LaunchScreen.storyboard;
			sourceTree = "<group>";
		};
/* End PBXVariantGroup section */

/* Begin XCBuildConfiguration section */
		8C5548BD25D445F800B8468E /* Debug */ = {
			isa = XCBuildConfiguration;
			buildSettings = {
				ALWAYS_SEARCH_USER_PATHS = NO;
				CLANG_ANALYZER_NONNULL = YES;
				CLANG_ANALYZER_NUMBER_OBJECT_CONVERSION = YES_AGGRESSIVE;
				CLANG_CXX_LANGUAGE_STANDARD = "gnu++14";
				CLANG_CXX_LIBRARY = "libc++";
				CLANG_ENABLE_MODULES = YES;
				CLANG_ENABLE_OBJC_ARC = YES;
				CLANG_ENABLE_OBJC_WEAK = YES;
				CLANG_WARN_BLOCK_CAPTURE_AUTORELEASING = YES;
				CLANG_WARN_BOOL_CONVERSION = YES;
				CLANG_WARN_COMMA = YES;
				CLANG_WARN_CONSTANT_CONVERSION = YES;
				CLANG_WARN_DEPRECATED_OBJC_IMPLEMENTATIONS = YES;
				CLANG_WARN_DIRECT_OBJC_ISA_USAGE = YES_ERROR;
				CLANG_WARN_DOCUMENTATION_COMMENTS = YES;
				CLANG_WARN_EMPTY_BODY = YES;
				CLANG_WARN_ENUM_CONVERSION = YES;
				CLANG_WARN_INFINITE_RECURSION = YES;
				CLANG_WARN_INT_CONVERSION = YES;
				CLANG_WARN_NON_LITERAL_NULL_CONVERSION = YES;
				CLANG_WARN_OBJC_IMPLICIT_RETAIN_SELF = YES;
				CLANG_WARN_OBJC_LITERAL_CONVERSION = YES;
				CLANG_WARN_OBJC_ROOT_CLASS = YES_ERROR;
				CLANG_WARN_QUOTED_INCLUDE_IN_FRAMEWORK_HEADER = YES;
				CLANG_WARN_RANGE_LOOP_ANALYSIS = YES;
				CLANG_WARN_STRICT_PROTOTYPES = YES;
				CLANG_WARN_SUSPICIOUS_MOVE = YES;
				CLANG_WARN_UNGUARDED_AVAILABILITY = YES_AGGRESSIVE;
				CLANG_WARN_UNREACHABLE_CODE = YES;
				CLANG_WARN__DUPLICATE_METHOD_MATCH = YES;
				COPY_PHASE_STRIP = NO;
				DEBUG_INFORMATION_FORMAT = dwarf;
				ENABLE_STRICT_OBJC_MSGSEND = YES;
				ENABLE_TESTABILITY = YES;
				GCC_C_LANGUAGE_STANDARD = gnu11;
				GCC_DYNAMIC_NO_PIC = NO;
				GCC_NO_COMMON_BLOCKS = YES;
				GCC_OPTIMIZATION_LEVEL = 0;
				GCC_PREPROCESSOR_DEFINITIONS = (
					"DEBUG=1",
					"$(inherited)",
				);
				GCC_WARN_64_TO_32_BIT_CONVERSION = YES;
				GCC_WARN_ABOUT_RETURN_TYPE = YES_ERROR;
				GCC_WARN_UNDECLARED_SELECTOR = YES;
				GCC_WARN_UNINITIALIZED_AUTOS = YES_AGGRESSIVE;
				GCC_WARN_UNUSED_FUNCTION = YES;
				GCC_WARN_UNUSED_VARIABLE = YES;
				IPHONEOS_DEPLOYMENT_TARGET = 14.3;
				MTL_ENABLE_DEBUG_INFO = INCLUDE_SOURCE;
				MTL_FAST_MATH = YES;
				ONLY_ACTIVE_ARCH = YES;
				SDKROOT = iphoneos;
				SWIFT_ACTIVE_COMPILATION_CONDITIONS = DEBUG;
				SWIFT_OPTIMIZATION_LEVEL = "-Onone";
			};
			name = Debug;
		};
		8C5548BE25D445F800B8468E /* Release */ = {
			isa = XCBuildConfiguration;
			buildSettings = {
				ALWAYS_SEARCH_USER_PATHS = NO;
				CLANG_ANALYZER_NONNULL = YES;
				CLANG_ANALYZER_NUMBER_OBJECT_CONVERSION = YES_AGGRESSIVE;
				CLANG_CXX_LANGUAGE_STANDARD = "gnu++14";
				CLANG_CXX_LIBRARY = "libc++";
				CLANG_ENABLE_MODULES = YES;
				CLANG_ENABLE_OBJC_ARC = YES;
				CLANG_ENABLE_OBJC_WEAK = YES;
				CLANG_WARN_BLOCK_CAPTURE_AUTORELEASING = YES;
				CLANG_WARN_BOOL_CONVERSION = YES;
				CLANG_WARN_COMMA = YES;
				CLANG_WARN_CONSTANT_CONVERSION = YES;
				CLANG_WARN_DEPRECATED_OBJC_IMPLEMENTATIONS = YES;
				CLANG_WARN_DIRECT_OBJC_ISA_USAGE = YES_ERROR;
				CLANG_WARN_DOCUMENTATION_COMMENTS = YES;
				CLANG_WARN_EMPTY_BODY = YES;
				CLANG_WARN_ENUM_CONVERSION = YES;
				CLANG_WARN_INFINITE_RECURSION = YES;
				CLANG_WARN_INT_CONVERSION = YES;
				CLANG_WARN_NON_LITERAL_NULL_CONVERSION = YES;
				CLANG_WARN_OBJC_IMPLICIT_RETAIN_SELF = YES;
				CLANG_WARN_OBJC_LITERAL_CONVERSION = YES;
				CLANG_WARN_OBJC_ROOT_CLASS = YES_ERROR;
				CLANG_WARN_QUOTED_INCLUDE_IN_FRAMEWORK_HEADER = YES;
				CLANG_WARN_RANGE_LOOP_ANALYSIS = YES;
				CLANG_WARN_STRICT_PROTOTYPES = YES;
				CLANG_WARN_SUSPICIOUS_MOVE = YES;
				CLANG_WARN_UNGUARDED_AVAILABILITY = YES_AGGRESSIVE;
				CLANG_WARN_UNREACHABLE_CODE = YES;
				CLANG_WARN__DUPLICATE_METHOD_MATCH = YES;
				COPY_PHASE_STRIP = NO;
				DEBUG_INFORMATION_FORMAT = "dwarf-with-dsym";
				ENABLE_NS_ASSERTIONS = NO;
				ENABLE_STRICT_OBJC_MSGSEND = YES;
				GCC_C_LANGUAGE_STANDARD = gnu11;
				GCC_NO_COMMON_BLOCKS = YES;
				GCC_WARN_64_TO_32_BIT_CONVERSION = YES;
				GCC_WARN_ABOUT_RETURN_TYPE = YES_ERROR;
				GCC_WARN_UNDECLARED_SELECTOR = YES;
				GCC_WARN_UNINITIALIZED_AUTOS = YES_AGGRESSIVE;
				GCC_WARN_UNUSED_FUNCTION = YES;
				GCC_WARN_UNUSED_VARIABLE = YES;
				IPHONEOS_DEPLOYMENT_TARGET = 14.3;
				MTL_ENABLE_DEBUG_INFO = NO;
				MTL_FAST_MATH = YES;
				SDKROOT = iphoneos;
				SWIFT_COMPILATION_MODE = wholemodule;
				SWIFT_OPTIMIZATION_LEVEL = "-O";
				VALIDATE_PRODUCT = YES;
			};
			name = Release;
		};
		8C5548C025D445F800B8468E /* Debug */ = {
			isa = XCBuildConfiguration;
			buildSettings = {
				ASSETCATALOG_COMPILER_APPICON_NAME = AppIcon;
				ASSETCATALOG_COMPILER_GLOBAL_ACCENT_COLOR_NAME = AccentColor;
				CODE_SIGN_STYLE = Automatic;
				DEVELOPMENT_TEAM = 8T95R77HU4;
				INFOPLIST_FILE = TInderApp/Info.plist;
				LD_RUNPATH_SEARCH_PATHS = (
					"$(inherited)",
					"@executable_path/Frameworks",
				);
				PRODUCT_BUNDLE_IDENTIFIER = br.com.estudent.TInderApp;
				PRODUCT_NAME = "$(TARGET_NAME)";
				SWIFT_VERSION = 5.0;
				TARGETED_DEVICE_FAMILY = "1,2";
			};
			name = Debug;
		};
		8C5548C125D445F800B8468E /* Release */ = {
			isa = XCBuildConfiguration;
			buildSettings = {
				ASSETCATALOG_COMPILER_APPICON_NAME = AppIcon;
				ASSETCATALOG_COMPILER_GLOBAL_ACCENT_COLOR_NAME = AccentColor;
				CODE_SIGN_STYLE = Automatic;
				DEVELOPMENT_TEAM = 8T95R77HU4;
				INFOPLIST_FILE = TInderApp/Info.plist;
				LD_RUNPATH_SEARCH_PATHS = (
					"$(inherited)",
					"@executable_path/Frameworks",
				);
				PRODUCT_BUNDLE_IDENTIFIER = br.com.estudent.TInderApp;
				PRODUCT_NAME = "$(TARGET_NAME)";
				SWIFT_VERSION = 5.0;
				TARGETED_DEVICE_FAMILY = "1,2";
			};
			name = Release;
		};
/* End XCBuildConfiguration section */

/* Begin XCConfigurationList section */
		8C5548A625D445F600B8468E /* Build configuration list for PBXProject "TInderApp" */ = {
			isa = XCConfigurationList;
			buildConfigurations = (
				8C5548BD25D445F800B8468E /* Debug */,
				8C5548BE25D445F800B8468E /* Release */,
			);
			defaultConfigurationIsVisible = 0;
			defaultConfigurationName = Release;
		};
		8C5548BF25D445F800B8468E /* Build configuration list for PBXNativeTarget "TInderApp" */ = {
			isa = XCConfigurationList;
			buildConfigurations = (
				8C5548C025D445F800B8468E /* Debug */,
				8C5548C125D445F800B8468E /* Release */,
			);
			defaultConfigurationIsVisible = 0;
			defaultConfigurationName = Release;
		};
/* End XCConfigurationList section */
	};
	rootObject = 8C5548A325D445F600B8468E /* Project object */;
}
